
Microsoft Visual Studio Solution File, Format Version 12.00
Project("{FAE04EC0-301F-11D3-BF4B-00C04F79EFBC}") = "MenuSystem", "MenuSystem\MenuSystem.csproj", "{1FD45CC8-B672-41C7-9E8E-65BC87031554}"
EndProject
Project("{2150E333-8FDC-42A3-9474-1A3956D46DE8}") = "!Solution Items", "!Solution Items", "{6F770F13-E4B0-4FDA-B5D7-FBF29BC27170}"
	ProjectSection(SolutionItems) = preProject
		.gitignore = .gitignore
		Directory.Build.props = Directory.Build.props
	EndProjectSection
EndProject
Project("{FAE04EC0-301F-11D3-BF4B-00C04F79EFBC}") = "UnoGame", "UnoGame\UnoGame.csproj", "{BCE3763A-9D4A-4E39-93DC-9AADEEBE0FC1}"
EndProject
Global
	GlobalSection(SolutionConfigurationPlatforms) = preSolution
		Debug|Any CPU = Debug|Any CPU
		Release|Any CPU = Release|Any CPU
	EndGlobalSection
	GlobalSection(ProjectConfigurationPlatforms) = postSolution
		{1FD45CC8-B672-41C7-9E8E-65BC87031554}.Debug|Any CPU.ActiveCfg = Debug|Any CPU
		{1FD45CC8-B672-41C7-9E8E-65BC87031554}.Debug|Any CPU.Build.0 = Debug|Any CPU
		{1FD45CC8-B672-41C7-9E8E-65BC87031554}.Release|Any CPU.ActiveCfg = Release|Any CPU
		{1FD45CC8-B672-41C7-9E8E-65BC87031554}.Release|Any CPU.Build.0 = Release|Any CPU
		{BCE3763A-9D4A-4E39-93DC-9AADEEBE0FC1}.Debug|Any CPU.ActiveCfg = Debug|Any CPU
		{BCE3763A-9D4A-4E39-93DC-9AADEEBE0FC1}.Debug|Any CPU.Build.0 = Debug|Any CPU
		{BCE3763A-9D4A-4E39-93DC-9AADEEBE0FC1}.Release|Any CPU.ActiveCfg = Release|Any CPU
		{BCE3763A-9D4A-4E39-93DC-9AADEEBE0FC1}.Release|Any CPU.Build.0 = Release|Any CPU
	EndGlobalSection
EndGlobal
